
Microsoft Visual Studio Solution File, Format Version 12.00
# Visual Studio Version 16
VisualStudioVersion = 16.0.31605.320
MinimumVisualStudioVersion = 10.0.40219.1
Project("{FAE04EC0-301F-11D3-BF4B-00C04F79EFBC}") = "AzureTask.Common", "AzureTask.Common\AzureTask.Common.csproj", "{20589453-198E-49D3-A9EB-9F1AA28BA79A}"
EndProject
Project("{FAE04EC0-301F-11D3-BF4B-00C04F79EFBC}") = "AzureTask.Functions", "AzureTask.Functions\AzureTask.Functions.csproj", "{FBB389A4-49F5-4D8A-97A1-80C05A294682}"
EndProject
Project("{FAE04EC0-301F-11D3-BF4B-00C04F79EFBC}") = "AzureTask.Tests", "AzureTask.Tests\AzureTask.Tests.csproj", "{640F7730-311A-4C9D-9914-D436D75921CD}"
EndProject
Global
	GlobalSection(SolutionConfigurationPlatforms) = preSolution
		Debug|Any CPU = Debug|Any CPU
		Release|Any CPU = Release|Any CPU
	EndGlobalSection
	GlobalSection(ProjectConfigurationPlatforms) = postSolution
		{20589453-198E-49D3-A9EB-9F1AA28BA79A}.Debug|Any CPU.ActiveCfg = Debug|Any CPU
		{20589453-198E-49D3-A9EB-9F1AA28BA79A}.Debug|Any CPU.Build.0 = Debug|Any CPU
		{20589453-198E-49D3-A9EB-9F1AA28BA79A}.Release|Any CPU.ActiveCfg = Release|Any CPU
		{20589453-198E-49D3-A9EB-9F1AA28BA79A}.Release|Any CPU.Build.0 = Release|Any CPU
		{FBB389A4-49F5-4D8A-97A1-80C05A294682}.Debug|Any CPU.ActiveCfg = Debug|Any CPU
		{FBB389A4-49F5-4D8A-97A1-80C05A294682}.Debug|Any CPU.Build.0 = Debug|Any CPU
		{FBB389A4-49F5-4D8A-97A1-80C05A294682}.Release|Any CPU.ActiveCfg = Release|Any CPU
		{FBB389A4-49F5-4D8A-97A1-80C05A294682}.Release|Any CPU.Build.0 = Release|Any CPU
		{640F7730-311A-4C9D-9914-D436D75921CD}.Debug|Any CPU.ActiveCfg = Debug|Any CPU
		{640F7730-311A-4C9D-9914-D436D75921CD}.Debug|Any CPU.Build.0 = Debug|Any CPU
		{640F7730-311A-4C9D-9914-D436D75921CD}.Release|Any CPU.ActiveCfg = Release|Any CPU
		{640F7730-311A-4C9D-9914-D436D75921CD}.Release|Any CPU.Build.0 = Release|Any CPU
	EndGlobalSection
	GlobalSection(SolutionProperties) = preSolution
		HideSolutionNode = FALSE
	EndGlobalSection
	GlobalSection(ExtensibilityGlobals) = postSolution
		SolutionGuid = {283938D6-DBAE-492F-A35E-A7B01D10D7A8}
	EndGlobalSection
EndGlobal
